
Microsoft Visual Studio Solution File, Format Version 12.00
# Visual Studio Version 16
VisualStudioVersion = 16.0.31911.196
MinimumVisualStudioVersion = 10.0.40219.1
Project("{FAE04EC0-301F-11D3-BF4B-00C04F79EFBC}") = "MentalHealthWeb", "MentalHealthWeb\MentalHealthWeb.csproj", "{FA107C76-5583-481B-ADBF-27B82EC64786}"
EndProject
Global
	GlobalSection(SolutionConfigurationPlatforms) = preSolution
		Debug|Any CPU = Debug|Any CPU
		Release|Any CPU = Release|Any CPU
	EndGlobalSection
	GlobalSection(ProjectConfigurationPlatforms) = postSolution
		{FA107C76-5583-481B-ADBF-27B82EC64786}.Debug|Any CPU.ActiveCfg = Debug|Any CPU
		{FA107C76-5583-481B-ADBF-27B82EC64786}.Debug|Any CPU.Build.0 = Debug|Any CPU
		{FA107C76-5583-481B-ADBF-27B82EC64786}.Release|Any CPU.ActiveCfg = Release|Any CPU
		{FA107C76-5583-481B-ADBF-27B82EC64786}.Release|Any CPU.Build.0 = Release|Any CPU
	EndGlobalSection
	GlobalSection(SolutionProperties) = preSolution
		HideSolutionNode = FALSE
	EndGlobalSection
	GlobalSection(ExtensibilityGlobals) = postSolution
		SolutionGuid = {591005C9-50FB-4CFB-AEC1-8669DF1BEC38}
	EndGlobalSection
EndGlobal
